
Microsoft Visual Studio Solution File, Format Version 12.00
# Visual Studio Version 17
VisualStudioVersion = 17.0.31903.59
MinimumVisualStudioVersion = 10.0.40219.1
Project("{2150E333-8FDC-42A3-9474-1A3956D46DE8}") = "src", "src", "{0AD89427-67E5-4B30-9F8F-8C08AE0CE2D6}"
EndProject
Project("{2150E333-8FDC-42A3-9474-1A3956D46DE8}") = "UserService", "UserService", "{A33F2B05-366B-4D28-A807-A2AAF27BDC4D}"
EndProject
Project("{FAE04EC0-301F-11D3-BF4B-00C04F79EFBC}") = "UserService.Tests", "src\UserService\Tests\UserService.Tests.csproj", "{30A5F3CF-F1AD-41B8-8143-A697962A819C}"
EndProject
Project("{FAE04EC0-301F-11D3-BF4B-00C04F79EFBC}") = "UserService.Api", "src\UserService\Api\UserService.Api.csproj", "{74819779-9D6D-4CA0-874A-58C140BBAB4F}"
EndProject
Project("{FAE04EC0-301F-11D3-BF4B-00C04F79EFBC}") = "UserService.Domain", "src\UserService\UserService.Domain\UserService.Domain.csproj", "{418CF54F-2E5A-4A7B-8C7B-43251F7C4C2B}"
EndProject
Project("{FAE04EC0-301F-11D3-BF4B-00C04F79EFBC}") = "UserService.Application", "src\UserService\UserService.Application\UserService.Application.csproj", "{3A76AB38-1B70-45CF-AB0C-127F8A94A757}"
EndProject
Project("{FAE04EC0-301F-11D3-BF4B-00C04F79EFBC}") = "UserService.Infrastructure", "src\UserService\UserService.Infrastructure\UserService.Infrastructure.csproj", "{C6446865-EA4D-4097-8460-889BF2D1F581}"
EndProject
Project("{2150E333-8FDC-42A3-9474-1A3956D46DE8}") = "ProductService", "ProductService", "{851C4263-CC5F-4AFD-AE2F-484D07865747}"
EndProject
Project("{FAE04EC0-301F-11D3-BF4B-00C04F79EFBC}") = "ProductService.API", "src\ProductService\ProductService.API\ProductService.API.csproj", "{D62EF31B-C6E0-4682-88DF-4096C11F3706}"
EndProject
Project("{FAE04EC0-301F-11D3-BF4B-00C04F79EFBC}") = "ProductService.Domain", "src\ProductService\ProductService.Domain\ProductService.Domain.csproj", "{7D06CE64-B353-4E0C-A226-DE8A192D085F}"
EndProject
Project("{FAE04EC0-301F-11D3-BF4B-00C04F79EFBC}") = "ProductService.Application", "src\ProductService\ProductService.Application\ProductService.Application.csproj", "{EBFBCC52-D69E-4BC9-A64F-42A555CBCFD0}"
EndProject
Project("{FAE04EC0-301F-11D3-BF4B-00C04F79EFBC}") = "ProductService.Infrastructure", "src\ProductService\ProductService.Infrastructure\ProductService.Infrastructure.csproj", "{6998AE7B-7026-4984-A454-F2BA84BC571E}"
EndProject
Project("{FAE04EC0-301F-11D3-BF4B-00C04F79EFBC}") = "ProductService.Tests", "src\ProductService\ProductService.Tests\ProductService.Tests.csproj", "{10FE4442-F953-4685-A784-68EDD9E31018}"
EndProject
Global
	GlobalSection(SolutionConfigurationPlatforms) = preSolution
		Debug|Any CPU = Debug|Any CPU
		Release|Any CPU = Release|Any CPU
	EndGlobalSection
	GlobalSection(ProjectConfigurationPlatforms) = postSolution
		{30A5F3CF-F1AD-41B8-8143-A697962A819C}.Debug|Any CPU.ActiveCfg = Debug|Any CPU
		{30A5F3CF-F1AD-41B8-8143-A697962A819C}.Debug|Any CPU.Build.0 = Debug|Any CPU
		{30A5F3CF-F1AD-41B8-8143-A697962A819C}.Release|Any CPU.ActiveCfg = Release|Any CPU
		{30A5F3CF-F1AD-41B8-8143-A697962A819C}.Release|Any CPU.Build.0 = Release|Any CPU
		{74819779-9D6D-4CA0-874A-58C140BBAB4F}.Debug|Any CPU.ActiveCfg = Debug|Any CPU
		{74819779-9D6D-4CA0-874A-58C140BBAB4F}.Debug|Any CPU.Build.0 = Debug|Any CPU
		{74819779-9D6D-4CA0-874A-58C140BBAB4F}.Release|Any CPU.ActiveCfg = Release|Any CPU
		{74819779-9D6D-4CA0-874A-58C140BBAB4F}.Release|Any CPU.Build.0 = Release|Any CPU
		{418CF54F-2E5A-4A7B-8C7B-43251F7C4C2B}.Debug|Any CPU.ActiveCfg = Debug|Any CPU
		{418CF54F-2E5A-4A7B-8C7B-43251F7C4C2B}.Debug|Any CPU.Build.0 = Debug|Any CPU
		{418CF54F-2E5A-4A7B-8C7B-43251F7C4C2B}.Release|Any CPU.ActiveCfg = Release|Any CPU
		{418CF54F-2E5A-4A7B-8C7B-43251F7C4C2B}.Release|Any CPU.Build.0 = Release|Any CPU
		{3A76AB38-1B70-45CF-AB0C-127F8A94A757}.Debug|Any CPU.ActiveCfg = Debug|Any CPU
		{3A76AB38-1B70-45CF-AB0C-127F8A94A757}.Debug|Any CPU.Build.0 = Debug|Any CPU
		{3A76AB38-1B70-45CF-AB0C-127F8A94A757}.Release|Any CPU.ActiveCfg = Release|Any CPU
		{3A76AB38-1B70-45CF-AB0C-127F8A94A757}.Release|Any CPU.Build.0 = Release|Any CPU
		{C6446865-EA4D-4097-8460-889BF2D1F581}.Debug|Any CPU.ActiveCfg = Debug|Any CPU
		{C6446865-EA4D-4097-8460-889BF2D1F581}.Debug|Any CPU.Build.0 = Debug|Any CPU
		{C6446865-EA4D-4097-8460-889BF2D1F581}.Release|Any CPU.ActiveCfg = Release|Any CPU
		{C6446865-EA4D-4097-8460-889BF2D1F581}.Release|Any CPU.Build.0 = Release|Any CPU
		{D62EF31B-C6E0-4682-88DF-4096C11F3706}.Debug|Any CPU.ActiveCfg = Debug|Any CPU
		{D62EF31B-C6E0-4682-88DF-4096C11F3706}.Debug|Any CPU.Build.0 = Debug|Any CPU
		{D62EF31B-C6E0-4682-88DF-4096C11F3706}.Release|Any CPU.ActiveCfg = Release|Any CPU
		{D62EF31B-C6E0-4682-88DF-4096C11F3706}.Release|Any CPU.Build.0 = Release|Any CPU
		{7D06CE64-B353-4E0C-A226-DE8A192D085F}.Debug|Any CPU.ActiveCfg = Debug|Any CPU
		{7D06CE64-B353-4E0C-A226-DE8A192D085F}.Debug|Any CPU.Build.0 = Debug|Any CPU
		{7D06CE64-B353-4E0C-A226-DE8A192D085F}.Release|Any CPU.ActiveCfg = Release|Any CPU
		{7D06CE64-B353-4E0C-A226-DE8A192D085F}.Release|Any CPU.Build.0 = Release|Any CPU
		{EBFBCC52-D69E-4BC9-A64F-42A555CBCFD0}.Debug|Any CPU.ActiveCfg = Debug|Any CPU
		{EBFBCC52-D69E-4BC9-A64F-42A555CBCFD0}.Debug|Any CPU.Build.0 = Debug|Any CPU
		{EBFBCC52-D69E-4BC9-A64F-42A555CBCFD0}.Release|Any CPU.ActiveCfg = Release|Any CPU
		{EBFBCC52-D69E-4BC9-A64F-42A555CBCFD0}.Release|Any CPU.Build.0 = Release|Any CPU
		{6998AE7B-7026-4984-A454-F2BA84BC571E}.Debug|Any CPU.ActiveCfg = Debug|Any CPU
		{6998AE7B-7026-4984-A454-F2BA84BC571E}.Debug|Any CPU.Build.0 = Debug|Any CPU
		{6998AE7B-7026-4984-A454-F2BA84BC571E}.Release|Any CPU.ActiveCfg = Release|Any CPU
		{6998AE7B-7026-4984-A454-F2BA84BC571E}.Release|Any CPU.Build.0 = Release|Any CPU
		{10FE4442-F953-4685-A784-68EDD9E31018}.Debug|Any CPU.ActiveCfg = Debug|Any CPU
		{10FE4442-F953-4685-A784-68EDD9E31018}.Debug|Any CPU.Build.0 = Debug|Any CPU
		{10FE4442-F953-4685-A784-68EDD9E31018}.Release|Any CPU.ActiveCfg = Release|Any CPU
		{10FE4442-F953-4685-A784-68EDD9E31018}.Release|Any CPU.Build.0 = Release|Any CPU
	EndGlobalSection
	GlobalSection(SolutionProperties) = preSolution
		HideSolutionNode = FALSE
	EndGlobalSection
	GlobalSection(NestedProjects) = preSolution
		{A33F2B05-366B-4D28-A807-A2AAF27BDC4D} = {0AD89427-67E5-4B30-9F8F-8C08AE0CE2D6}
		{74819779-9D6D-4CA0-874A-58C140BBAB4F} = {A33F2B05-366B-4D28-A807-A2AAF27BDC4D}
		{418CF54F-2E5A-4A7B-8C7B-43251F7C4C2B} = {A33F2B05-366B-4D28-A807-A2AAF27BDC4D}
		{3A76AB38-1B70-45CF-AB0C-127F8A94A757} = {A33F2B05-366B-4D28-A807-A2AAF27BDC4D}
		{C6446865-EA4D-4097-8460-889BF2D1F581} = {A33F2B05-366B-4D28-A807-A2AAF27BDC4D}
		{30A5F3CF-F1AD-41B8-8143-A697962A819C} = {A33F2B05-366B-4D28-A807-A2AAF27BDC4D}
		{851C4263-CC5F-4AFD-AE2F-484D07865747} = {0AD89427-67E5-4B30-9F8F-8C08AE0CE2D6}
		{D62EF31B-C6E0-4682-88DF-4096C11F3706} = {851C4263-CC5F-4AFD-AE2F-484D07865747}
		{7D06CE64-B353-4E0C-A226-DE8A192D085F} = {851C4263-CC5F-4AFD-AE2F-484D07865747}
		{EBFBCC52-D69E-4BC9-A64F-42A555CBCFD0} = {851C4263-CC5F-4AFD-AE2F-484D07865747}
		{6998AE7B-7026-4984-A454-F2BA84BC571E} = {851C4263-CC5F-4AFD-AE2F-484D07865747}
		{10FE4442-F953-4685-A784-68EDD9E31018} = {851C4263-CC5F-4AFD-AE2F-484D07865747}
	EndGlobalSection
EndGlobal
