
Microsoft Visual Studio Solution File, Format Version 12.00
# Visual Studio Version 17
VisualStudioVersion = 17.0.31903.59
MinimumVisualStudioVersion = 10.0.40219.1
Project("{2150E333-8FDC-42A3-9474-1A3956D46DE8}") = "src", "src", "{0AD89427-67E5-4B30-9F8F-8C08AE0CE2D6}"
EndProject
Project("{2150E333-8FDC-42A3-9474-1A3956D46DE8}") = "UserService", "UserService", "{A33F2B05-366B-4D28-A807-A2AAF27BDC4D}"
EndProject
Project("{9A19103F-16F7-4668-BE54-9A1E7A4F7556}") = "UserService.Tests", "src\UserService\Tests\UserService.Tests.csproj", "{30A5F3CF-F1AD-41B8-8143-A697962A819C}"
EndProject
Project("{9A19103F-16F7-4668-BE54-9A1E7A4F7556}") = "UserService.Api", "src\UserService\Api\UserService.Api.csproj", "{74819779-9D6D-4CA0-874A-58C140BBAB4F}"
EndProject
Project("{9A19103F-16F7-4668-BE54-9A1E7A4F7556}") = "UserService.Domain", "src\UserService\UserService.Domain\UserService.Domain.csproj", "{418CF54F-2E5A-4A7B-8C7B-43251F7C4C2B}"
EndProject
Project("{9A19103F-16F7-4668-BE54-9A1E7A4F7556}") = "UserService.Application", "src\UserService\UserService.Application\UserService.Application.csproj", "{3A76AB38-1B70-45CF-AB0C-127F8A94A757}"
EndProject
Project("{9A19103F-16F7-4668-BE54-9A1E7A4F7556}") = "UserService.Infrastructure", "src\UserService\UserService.Infrastructure\UserService.Infrastructure.csproj", "{C6446865-EA4D-4097-8460-889BF2D1F581}"
EndProject
Project("{2150E333-8FDC-42A3-9474-1A3956D46DE8}") = "ProductService", "ProductService", "{851C4263-CC5F-4AFD-AE2F-484D07865747}"
EndProject
Project("{9A19103F-16F7-4668-BE54-9A1E7A4F7556}") = "ProductService.API", "src\ProductService\ProductService.API\ProductService.API.csproj", "{D62EF31B-C6E0-4682-88DF-4096C11F3706}"
EndProject
Project("{9A19103F-16F7-4668-BE54-9A1E7A4F7556}") = "ProductService.Domain", "src\ProductService\ProductService.Domain\ProductService.Domain.csproj", "{7D06CE64-B353-4E0C-A226-DE8A192D085F}"
EndProject
Project("{9A19103F-16F7-4668-BE54-9A1E7A4F7556}") = "ProductService.Application", "src\ProductService\ProductService.Application\ProductService.Application.csproj", "{EBFBCC52-D69E-4BC9-A64F-42A555CBCFD0}"
EndProject
Project("{9A19103F-16F7-4668-BE54-9A1E7A4F7556}") = "ProductService.Infrastructure", "src\ProductService\ProductService.Infrastructure\ProductService.Infrastructure.csproj", "{6998AE7B-7026-4984-A454-F2BA84BC571E}"
EndProject
Project("{9A19103F-16F7-4668-BE54-9A1E7A4F7556}") = "ProductService.Tests", "src\ProductService\ProductService.Tests\ProductService.Tests.csproj", "{10FE4442-F953-4685-A784-68EDD9E31018}"
EndProject
Project("{2150E333-8FDC-42A3-9474-1A3956D46DE8}") = "OrderService", "OrderService", "{2ED8F27B-685A-40B9-97CC-AD1497046916}"
EndProject
Project("{FAE04EC0-301F-11D3-BF4B-00C04F79EFBC}") = "OrderService.Api", "src\OrderService\Api\OrderService.Api.csproj", "{AB49C0F4-385A-4CD8-AF6B-9F5715E7CA9E}"
EndProject
Project("{FAE04EC0-301F-11D3-BF4B-00C04F79EFBC}") = "OrderService.Application", "src\OrderService\Application\OrderService.Application.csproj", "{B9061D21-E174-408F-A40F-3483FFAACE7D}"
EndProject
Project("{FAE04EC0-301F-11D3-BF4B-00C04F79EFBC}") = "OrderService.Domain", "src\OrderService\Domain\OrderService.Domain.csproj", "{2C2F8662-9425-4B47-8FA4-DE245DD7D1C7}"
EndProject
Project("{FAE04EC0-301F-11D3-BF4B-00C04F79EFBC}") = "OrderService.Infrastructure", "src\OrderService\Infrastructure\OrderService.Infrastructure.csproj", "{23B6FD0D-6BC2-4238-91B5-048D02D85479}"
EndProject
Project("{FAE04EC0-301F-11D3-BF4B-00C04F79EFBC}") = "OrderService.Tests", "src\OrderService\Tests\OrderService.Tests.csproj", "{0503832A-0933-4981-9A4A-B205499DBF53}"
EndProject
Project("{2150E333-8FDC-42A3-9474-1A3956D46DE8}") = "AddressBookService", "AddressBookService", "{37957678-19B6-493D-ABDD-6F0E5E745D51}"
EndProject
Project("{FAE04EC0-301F-11D3-BF4B-00C04F79EFBC}") = "AddressBookService.Domain", "src\AddressBookService\Domain\AddressBookService.Domain.csproj", "{75D5E92D-DC59-4218-ADED-1AAFD9249C23}"
EndProject
Project("{FAE04EC0-301F-11D3-BF4B-00C04F79EFBC}") = "AddressBookService.Infrastructure", "src\AddressBookService\Infrastructure\AddressBookService.Infrastructure.csproj", "{451DABD7-6AF6-46CA-88B9-5245EB2EA02B}"
EndProject
Project("{FAE04EC0-301F-11D3-BF4B-00C04F79EFBC}") = "AddressBookService.Application", "src\AddressBookService\Application\AddressBookService.Application.csproj", "{F3A0DE8A-C8CF-426F-B7D6-9A5F6E2E0227}"
EndProject
Project("{FAE04EC0-301F-11D3-BF4B-00C04F79EFBC}") = "AddressBookService.Api", "src\AddressBookService\Api\AddressBookService.Api.csproj", "{6CB8900D-1AC9-46A1-B34A-F74E33EA81E4}"
EndProject
Project("{FAE04EC0-301F-11D3-BF4B-00C04F79EFBC}") = "AddressBookService.Tests", "src\AddressBookService\Tests\AddressBookService.Tests.csproj", "{4CAAEF00-92D0-4EF0-B316-4B0719105174}"
EndProject
Global
	GlobalSection(SolutionConfigurationPlatforms) = preSolution
		Debug|Any CPU = Debug|Any CPU
		Release|Any CPU = Release|Any CPU
	EndGlobalSection
	GlobalSection(ProjectConfigurationPlatforms) = postSolution
		{30A5F3CF-F1AD-41B8-8143-A697962A819C}.Debug|Any CPU.ActiveCfg = Debug|Any CPU
		{30A5F3CF-F1AD-41B8-8143-A697962A819C}.Debug|Any CPU.Build.0 = Debug|Any CPU
		{30A5F3CF-F1AD-41B8-8143-A697962A819C}.Release|Any CPU.ActiveCfg = Release|Any CPU
		{30A5F3CF-F1AD-41B8-8143-A697962A819C}.Release|Any CPU.Build.0 = Release|Any CPU
		{74819779-9D6D-4CA0-874A-58C140BBAB4F}.Debug|Any CPU.ActiveCfg = Debug|Any CPU
		{74819779-9D6D-4CA0-874A-58C140BBAB4F}.Debug|Any CPU.Build.0 = Debug|Any CPU
		{74819779-9D6D-4CA0-874A-58C140BBAB4F}.Release|Any CPU.ActiveCfg = Release|Any CPU
		{74819779-9D6D-4CA0-874A-58C140BBAB4F}.Release|Any CPU.Build.0 = Release|Any CPU
		{418CF54F-2E5A-4A7B-8C7B-43251F7C4C2B}.Debug|Any CPU.ActiveCfg = Debug|Any CPU
		{418CF54F-2E5A-4A7B-8C7B-43251F7C4C2B}.Debug|Any CPU.Build.0 = Debug|Any CPU
		{418CF54F-2E5A-4A7B-8C7B-43251F7C4C2B}.Release|Any CPU.ActiveCfg = Release|Any CPU
		{418CF54F-2E5A-4A7B-8C7B-43251F7C4C2B}.Release|Any CPU.Build.0 = Release|Any CPU
		{3A76AB38-1B70-45CF-AB0C-127F8A94A757}.Debug|Any CPU.ActiveCfg = Debug|Any CPU
		{3A76AB38-1B70-45CF-AB0C-127F8A94A757}.Debug|Any CPU.Build.0 = Debug|Any CPU
		{3A76AB38-1B70-45CF-AB0C-127F8A94A757}.Release|Any CPU.ActiveCfg = Release|Any CPU
		{3A76AB38-1B70-45CF-AB0C-127F8A94A757}.Release|Any CPU.Build.0 = Release|Any CPU
		{C6446865-EA4D-4097-8460-889BF2D1F581}.Debug|Any CPU.ActiveCfg = Debug|Any CPU
		{C6446865-EA4D-4097-8460-889BF2D1F581}.Debug|Any CPU.Build.0 = Debug|Any CPU
		{C6446865-EA4D-4097-8460-889BF2D1F581}.Release|Any CPU.ActiveCfg = Release|Any CPU
		{C6446865-EA4D-4097-8460-889BF2D1F581}.Release|Any CPU.Build.0 = Release|Any CPU
		{D62EF31B-C6E0-4682-88DF-4096C11F3706}.Debug|Any CPU.ActiveCfg = Debug|Any CPU
		{D62EF31B-C6E0-4682-88DF-4096C11F3706}.Debug|Any CPU.Build.0 = Debug|Any CPU
		{D62EF31B-C6E0-4682-88DF-4096C11F3706}.Release|Any CPU.ActiveCfg = Release|Any CPU
		{D62EF31B-C6E0-4682-88DF-4096C11F3706}.Release|Any CPU.Build.0 = Release|Any CPU
		{7D06CE64-B353-4E0C-A226-DE8A192D085F}.Debug|Any CPU.ActiveCfg = Debug|Any CPU
		{7D06CE64-B353-4E0C-A226-DE8A192D085F}.Debug|Any CPU.Build.0 = Debug|Any CPU
		{7D06CE64-B353-4E0C-A226-DE8A192D085F}.Release|Any CPU.ActiveCfg = Release|Any CPU
		{7D06CE64-B353-4E0C-A226-DE8A192D085F}.Release|Any CPU.Build.0 = Release|Any CPU
		{EBFBCC52-D69E-4BC9-A64F-42A555CBCFD0}.Debug|Any CPU.ActiveCfg = Debug|Any CPU
		{EBFBCC52-D69E-4BC9-A64F-42A555CBCFD0}.Debug|Any CPU.Build.0 = Debug|Any CPU
		{EBFBCC52-D69E-4BC9-A64F-42A555CBCFD0}.Release|Any CPU.ActiveCfg = Release|Any CPU
		{EBFBCC52-D69E-4BC9-A64F-42A555CBCFD0}.Release|Any CPU.Build.0 = Release|Any CPU
		{6998AE7B-7026-4984-A454-F2BA84BC571E}.Debug|Any CPU.ActiveCfg = Debug|Any CPU
		{6998AE7B-7026-4984-A454-F2BA84BC571E}.Debug|Any CPU.Build.0 = Debug|Any CPU
		{6998AE7B-7026-4984-A454-F2BA84BC571E}.Release|Any CPU.ActiveCfg = Release|Any CPU
		{6998AE7B-7026-4984-A454-F2BA84BC571E}.Release|Any CPU.Build.0 = Release|Any CPU
		{10FE4442-F953-4685-A784-68EDD9E31018}.Debug|Any CPU.ActiveCfg = Debug|Any CPU
		{10FE4442-F953-4685-A784-68EDD9E31018}.Debug|Any CPU.Build.0 = Debug|Any CPU
		{10FE4442-F953-4685-A784-68EDD9E31018}.Release|Any CPU.ActiveCfg = Release|Any CPU
		{10FE4442-F953-4685-A784-68EDD9E31018}.Release|Any CPU.Build.0 = Release|Any CPU
		{AB49C0F4-385A-4CD8-AF6B-9F5715E7CA9E}.Debug|Any CPU.ActiveCfg = Debug|Any CPU
		{AB49C0F4-385A-4CD8-AF6B-9F5715E7CA9E}.Debug|Any CPU.Build.0 = Debug|Any CPU
		{AB49C0F4-385A-4CD8-AF6B-9F5715E7CA9E}.Release|Any CPU.ActiveCfg = Release|Any CPU
		{AB49C0F4-385A-4CD8-AF6B-9F5715E7CA9E}.Release|Any CPU.Build.0 = Release|Any CPU
		{B9061D21-E174-408F-A40F-3483FFAACE7D}.Debug|Any CPU.ActiveCfg = Debug|Any CPU
		{B9061D21-E174-408F-A40F-3483FFAACE7D}.Debug|Any CPU.Build.0 = Debug|Any CPU
		{B9061D21-E174-408F-A40F-3483FFAACE7D}.Release|Any CPU.ActiveCfg = Release|Any CPU
		{B9061D21-E174-408F-A40F-3483FFAACE7D}.Release|Any CPU.Build.0 = Release|Any CPU
		{2C2F8662-9425-4B47-8FA4-DE245DD7D1C7}.Debug|Any CPU.ActiveCfg = Debug|Any CPU
		{2C2F8662-9425-4B47-8FA4-DE245DD7D1C7}.Debug|Any CPU.Build.0 = Debug|Any CPU
		{2C2F8662-9425-4B47-8FA4-DE245DD7D1C7}.Release|Any CPU.ActiveCfg = Release|Any CPU
		{2C2F8662-9425-4B47-8FA4-DE245DD7D1C7}.Release|Any CPU.Build.0 = Release|Any CPU
		{23B6FD0D-6BC2-4238-91B5-048D02D85479}.Debug|Any CPU.ActiveCfg = Debug|Any CPU
		{23B6FD0D-6BC2-4238-91B5-048D02D85479}.Debug|Any CPU.Build.0 = Debug|Any CPU
		{23B6FD0D-6BC2-4238-91B5-048D02D85479}.Release|Any CPU.ActiveCfg = Release|Any CPU
		{23B6FD0D-6BC2-4238-91B5-048D02D85479}.Release|Any CPU.Build.0 = Release|Any CPU
		{0503832A-0933-4981-9A4A-B205499DBF53}.Debug|Any CPU.ActiveCfg = Debug|Any CPU
		{0503832A-0933-4981-9A4A-B205499DBF53}.Debug|Any CPU.Build.0 = Debug|Any CPU
		{0503832A-0933-4981-9A4A-B205499DBF53}.Release|Any CPU.ActiveCfg = Release|Any CPU
		{0503832A-0933-4981-9A4A-B205499DBF53}.Release|Any CPU.Build.0 = Release|Any CPU
		{75D5E92D-DC59-4218-ADED-1AAFD9249C23}.Debug|Any CPU.ActiveCfg = Debug|Any CPU
		{75D5E92D-DC59-4218-ADED-1AAFD9249C23}.Debug|Any CPU.Build.0 = Debug|Any CPU
		{75D5E92D-DC59-4218-ADED-1AAFD9249C23}.Release|Any CPU.ActiveCfg = Release|Any CPU
		{75D5E92D-DC59-4218-ADED-1AAFD9249C23}.Release|Any CPU.Build.0 = Release|Any CPU
		{451DABD7-6AF6-46CA-88B9-5245EB2EA02B}.Debug|Any CPU.ActiveCfg = Debug|Any CPU
		{451DABD7-6AF6-46CA-88B9-5245EB2EA02B}.Debug|Any CPU.Build.0 = Debug|Any CPU
		{451DABD7-6AF6-46CA-88B9-5245EB2EA02B}.Release|Any CPU.ActiveCfg = Release|Any CPU
		{451DABD7-6AF6-46CA-88B9-5245EB2EA02B}.Release|Any CPU.Build.0 = Release|Any CPU
		{F3A0DE8A-C8CF-426F-B7D6-9A5F6E2E0227}.Debug|Any CPU.ActiveCfg = Debug|Any CPU
		{F3A0DE8A-C8CF-426F-B7D6-9A5F6E2E0227}.Debug|Any CPU.Build.0 = Debug|Any CPU
		{F3A0DE8A-C8CF-426F-B7D6-9A5F6E2E0227}.Release|Any CPU.ActiveCfg = Release|Any CPU
		{F3A0DE8A-C8CF-426F-B7D6-9A5F6E2E0227}.Release|Any CPU.Build.0 = Release|Any CPU
		{6CB8900D-1AC9-46A1-B34A-F74E33EA81E4}.Debug|Any CPU.ActiveCfg = Debug|Any CPU
		{6CB8900D-1AC9-46A1-B34A-F74E33EA81E4}.Debug|Any CPU.Build.0 = Debug|Any CPU
		{6CB8900D-1AC9-46A1-B34A-F74E33EA81E4}.Release|Any CPU.ActiveCfg = Release|Any CPU
		{6CB8900D-1AC9-46A1-B34A-F74E33EA81E4}.Release|Any CPU.Build.0 = Release|Any CPU
		{4CAAEF00-92D0-4EF0-B316-4B0719105174}.Debug|Any CPU.ActiveCfg = Debug|Any CPU
		{4CAAEF00-92D0-4EF0-B316-4B0719105174}.Debug|Any CPU.Build.0 = Debug|Any CPU
		{4CAAEF00-92D0-4EF0-B316-4B0719105174}.Release|Any CPU.ActiveCfg = Release|Any CPU
		{4CAAEF00-92D0-4EF0-B316-4B0719105174}.Release|Any CPU.Build.0 = Release|Any CPU
	EndGlobalSection
	GlobalSection(SolutionProperties) = preSolution
		HideSolutionNode = FALSE
	EndGlobalSection
	GlobalSection(NestedProjects) = preSolution
		{A33F2B05-366B-4D28-A807-A2AAF27BDC4D} = {0AD89427-67E5-4B30-9F8F-8C08AE0CE2D6}
		{30A5F3CF-F1AD-41B8-8143-A697962A819C} = {A33F2B05-366B-4D28-A807-A2AAF27BDC4D}
		{74819779-9D6D-4CA0-874A-58C140BBAB4F} = {A33F2B05-366B-4D28-A807-A2AAF27BDC4D}
		{418CF54F-2E5A-4A7B-8C7B-43251F7C4C2B} = {A33F2B05-366B-4D28-A807-A2AAF27BDC4D}
		{3A76AB38-1B70-45CF-AB0C-127F8A94A757} = {A33F2B05-366B-4D28-A807-A2AAF27BDC4D}
		{C6446865-EA4D-4097-8460-889BF2D1F581} = {A33F2B05-366B-4D28-A807-A2AAF27BDC4D}
		{851C4263-CC5F-4AFD-AE2F-484D07865747} = {0AD89427-67E5-4B30-9F8F-8C08AE0CE2D6}
		{D62EF31B-C6E0-4682-88DF-4096C11F3706} = {851C4263-CC5F-4AFD-AE2F-484D07865747}
		{7D06CE64-B353-4E0C-A226-DE8A192D085F} = {851C4263-CC5F-4AFD-AE2F-484D07865747}
		{EBFBCC52-D69E-4BC9-A64F-42A555CBCFD0} = {851C4263-CC5F-4AFD-AE2F-484D07865747}
		{6998AE7B-7026-4984-A454-F2BA84BC571E} = {851C4263-CC5F-4AFD-AE2F-484D07865747}
		{10FE4442-F953-4685-A784-68EDD9E31018} = {851C4263-CC5F-4AFD-AE2F-484D07865747}
		{2ED8F27B-685A-40B9-97CC-AD1497046916} = {0AD89427-67E5-4B30-9F8F-8C08AE0CE2D6}
		{AB49C0F4-385A-4CD8-AF6B-9F5715E7CA9E} = {2ED8F27B-685A-40B9-97CC-AD1497046916}
		{B9061D21-E174-408F-A40F-3483FFAACE7D} = {2ED8F27B-685A-40B9-97CC-AD1497046916}
		{2C2F8662-9425-4B47-8FA4-DE245DD7D1C7} = {2ED8F27B-685A-40B9-97CC-AD1497046916}
		{23B6FD0D-6BC2-4238-91B5-048D02D85479} = {2ED8F27B-685A-40B9-97CC-AD1497046916}
		{0503832A-0933-4981-9A4A-B205499DBF53} = {2ED8F27B-685A-40B9-97CC-AD1497046916}
		{37957678-19B6-493D-ABDD-6F0E5E745D51} = {0AD89427-67E5-4B30-9F8F-8C08AE0CE2D6}
		{75D5E92D-DC59-4218-ADED-1AAFD9249C23} = {37957678-19B6-493D-ABDD-6F0E5E745D51}
		{451DABD7-6AF6-46CA-88B9-5245EB2EA02B} = {37957678-19B6-493D-ABDD-6F0E5E745D51}
		{F3A0DE8A-C8CF-426F-B7D6-9A5F6E2E0227} = {37957678-19B6-493D-ABDD-6F0E5E745D51}
		{6CB8900D-1AC9-46A1-B34A-F74E33EA81E4} = {37957678-19B6-493D-ABDD-6F0E5E745D51}
		{4CAAEF00-92D0-4EF0-B316-4B0719105174} = {37957678-19B6-493D-ABDD-6F0E5E745D51}
	EndGlobalSection
	GlobalSection(ExtensibilityGlobals) = postSolution
		SolutionGuid = {5F15B3C2-A8C9-4FDB-8332-0FB8957C09E9}
	EndGlobalSection
EndGlobal
